# Sibling repository, origin URL, and tested commit.
hw_odin_matchSorter https://github.com/MartinMikusat/hw_odin_matchSorter.git 52bbe319503752881ebd777e0f3340fce027e017
hw_odin_ui_flash https://github.com/MartinMikusat/hw_odin_ui_flash.git d06e98a40640b13eea5b979319022aad0a470d72
hw_odin_ui_commandPalette https://github.com/MartinMikusat/hw_odin_ui_commandPalette.git 72312d2f67cfc3d2ebc6a62fdbb1ba5bbc4e335f
hw_odin_ui_components https://github.com/MartinMikusat/hw_odin_ui_components.git fddcea1b1a2dbccab7fdd7f130688d5af273a8d2
hw_odin_concurrency_taskQueue https://github.com/MartinMikusat/hw_odin_concurrency_taskQueue.git 6f007429c03e89b937f72e65ca4653a547ee28de
hw_odin_ui_framework https://github.com/MartinMikusat/hw_odin_ui_framework.git 7c6e42562b08f8b9732f5b3dbc5b8d0a9bf3d71a
