# Sibling repository, origin URL, and tested commit.
hw_odin_matchSorter https://github.com/MartinMikusat/hw_odin_matchSorter.git 4eed85fef389f5c669d7a0ce22575c362a094bd8
hw_odin_ui_flash https://github.com/MartinMikusat/hw_odin_ui_flash.git d06e98a40640b13eea5b979319022aad0a470d72
hw_odin_ui_commandPalette https://github.com/MartinMikusat/hw_odin_ui_commandPalette.git aa1537506ae2b154a2dc8ecd132ea7088381ba6f
